// !$*UTF8*$!
{
	archiveVersion = 1;
	classes = {
	};
	objectVersion = 77;
	objects = {

/* Begin PBXBuildFile section */
		1C8169042F83FE0700E33EF9 /* CLAUDE.md in Resources */ = {isa = PBXBuildFile; fileRef = 1C8168F82F83FE0700E33EF9 /* CLAUDE.md */; };
		1CD325422F849D6D00F2A1B5 /* MLXLLM in Frameworks */ = {isa = PBXBuildFile; productRef = 1CD325412F849D6D00F2A1B5 /* MLXLLM */; };
		1CD325442F849D6D00F2A1B5 /* MLXLMCommon in Frameworks */ = {isa = PBXBuildFile; productRef = 1CD325432F849D6D00F2A1B5 /* MLXLMCommon */; };
		AA0001012FA6B00000000001 /* AICoachCore in Frameworks */ = {isa = PBXBuildFile; productRef = AA0001022FA6B00000000001 /* AICoachCore */; };
/* End PBXBuildFile section */

/* Begin PBXContainerItemProxy section */
		1C1476E32F817B6900DCF85D /* PBXContainerItemProxy */ = {
			isa = PBXContainerItemProxy;
			containerPortal = 1C1476C92F817B6800DCF85D /* Project object */;
			proxyType = 1;
			remoteGlobalIDString = 1C1476D02F817B6800DCF85D;
			remoteInfo = "Hybrid AIthletics";
		};
		1C1476ED2F817B6900DCF85D /* PBXContainerItemProxy */ = {
			isa = PBXContainerItemProxy;
			containerPortal = 1C1476C92F817B6800DCF85D /* Project object */;
			proxyType = 1;
			remoteGlobalIDString = 1C1476D02F817B6800DCF85D;
			remoteInfo = "Hybrid AIthletics";
		};
/* End PBXContainerItemProxy section */

/* Begin PBXFileReference section */
		1C1476D12F817B6800DCF85D /* Hybrid AIthletics.app */ = {isa = PBXFileReference; explicitFileType = wrapper.application; includeInIndex = 0; path = "Hybrid AIthletics.app"; sourceTree = BUILT_PRODUCTS_DIR; };
		1C1476E22F817B6900DCF85D /* Hybrid AIthleticsTests.xctest */ = {isa = PBXFileReference; explicitFileType = wrapper.cfbundle; includeInIndex = 0; path = "Hybrid AIthleticsTests.xctest"; sourceTree = BUILT_PRODUCTS_DIR; };
		1C1476EC2F817B6900DCF85D /* Hybrid AIthleticsUITests.xctest */ = {isa = PBXFileReference; explicitFileType = wrapper.cfbundle; includeInIndex = 0; path = "Hybrid AIthleticsUITests.xctest"; sourceTree = BUILT_PRODUCTS_DIR; };
		1C8168F82F83FE0700E33EF9 /* CLAUDE.md */ = {isa = PBXFileReference; lastKnownFileType = net.daringfireball.markdown; path = CLAUDE.md; sourceTree = "<group>"; };
		1C8168FE2F83FE0700E33EF9 /* README.md */ = {isa = PBXFileReference; lastKnownFileType = net.daringfireball.markdown; path = README.md; sourceTree = "<group>"; };
/* End PBXFileReference section */

/* Begin PBXFileSystemSynchronizedBuildFileExceptionSet section */
		1C1476F42F817B6900DCF85D /* Exceptions for "Hybrid AIthletics" folder in "Hybrid AIthletics" target */ = {
			isa = PBXFileSystemSynchronizedBuildFileExceptionSet;
			membershipExceptions = (
				Info.plist,
			);
			target = 1C1476D02F817B6800DCF85D /* Hybrid AIthletics */;
		};
/* End PBXFileSystemSynchronizedBuildFileExceptionSet section */

/* Begin PBXFileSystemSynchronizedRootGroup section */
		1C1476D32F817B6800DCF85D /* Hybrid AIthletics */ = {
			isa = PBXFileSystemSynchronizedRootGroup;
			exceptions = (
				1C1476F42F817B6900DCF85D /* Exceptions for "Hybrid AIthletics" folder in "Hybrid AIthletics" target */,
			);
			path = "Hybrid AIthletics";
			sourceTree = "<group>";
		};
		1C1476E52F817B6900DCF85D /* Hybrid AIthleticsTests */ = {
			isa = PBXFileSystemSynchronizedRootGroup;
			path = "Hybrid AIthleticsTests";
			sourceTree = "<group>";
		};
		1C1476EF2F817B6900DCF85D /* Hybrid AIthleticsUITests */ = {
			isa = PBXFileSystemSynchronizedRootGroup;
			path = "Hybrid AIthleticsUITests";
			sourceTree = "<group>";
		};
/* End PBXFileSystemSynchronizedRootGroup section */

/* Begin PBXFrameworksBuildPhase section */
		1C1476CE2F817B6800DCF85D /* Frameworks */ = {
			isa = PBXFrameworksBuildPhase;
			buildActionMask = 2147483647;
			files = (
				1CD325442F849D6D00F2A1B5 /* MLXLMCommon in Frameworks */,
				1CD325422F849D6D00F2A1B5 /* MLXLLM in Frameworks */,
				AA0001012FA6B00000000001 /* AICoachCore in Frameworks */,
			);
			runOnlyForDeploymentPostprocessing = 0;
		};
		1C1476DF2F817B6900DCF85D /* Frameworks */ = {
			isa = PBXFrameworksBuildPhase;
			buildActionMask = 2147483647;
			files = (
			);
			runOnlyForDeploymentPostprocessing = 0;
		};
		1C1476E92F817B6900DCF85D /* Frameworks */ = {
			isa = PBXFrameworksBuildPhase;
			buildActionMask = 2147483647;
			files = (
			);
			runOnlyForDeploymentPostprocessing = 0;
		};
/* End PBXFrameworksBuildPhase section */

/* Begin PBXGroup section */
		1C1476C82F817B6800DCF85D = {
			isa = PBXGroup;
			children = (
				1C8168F82F83FE0700E33EF9 /* CLAUDE.md */,
				1C8168FE2F83FE0700E33EF9 /* README.md */,
				1C1476D32F817B6800DCF85D /* Hybrid AIthletics */,
				1C1476E52F817B6900DCF85D /* Hybrid AIthleticsTests */,
				1C1476EF2F817B6900DCF85D /* Hybrid AIthleticsUITests */,
				1C1476D22F817B6800DCF85D /* Products */,
			);
			sourceTree = "<group>";
		};
		1C1476D22F817B6800DCF85D /* Products */ = {
			isa = PBXGroup;
			children = (
				1C1476D12F817B6800DCF85D /* Hybrid AIthletics.app */,
				1C1476E22F817B6900DCF85D /* Hybrid AIthleticsTests.xctest */,
				1C1476EC2F817B6900DCF85D /* Hybrid AIthleticsUITests.xctest */,
			);
			name = Products;
			sourceTree = "<group>";
		};
/* End PBXGroup section */

/* Begin PBXNativeTarget section */
		1C1476D02F817B6800DCF85D /* Hybrid AIthletics */ = {
			isa = PBXNativeTarget;
			buildConfigurationList = 1C1476F52F817B6900DCF85D /* Build configuration list for PBXNativeTarget "Hybrid AIthletics" */;
			buildPhases = (
				1C1476CD2F817B6800DCF85D /* Sources */,
				1C1476CE2F817B6800DCF85D /* Frameworks */,
				1C1476CF2F817B6800DCF85D /* Resources */,
			);
			buildRules = (
			);
			dependencies = (
			);
			fileSystemSynchronizedGroups = (
				1C1476D32F817B6800DCF85D /* Hybrid AIthletics */,
			);
			name = "Hybrid AIthletics";
			packageProductDependencies = (
				1CD325412F849D6D00F2A1B5 /* MLXLLM */,
				1CD325432F849D6D00F2A1B5 /* MLXLMCommon */,
				AA0001022FA6B00000000001 /* AICoachCore */,
			);
			productName = "Hybrid AIthletics";
			productReference = 1C1476D12F817B6800DCF85D /* Hybrid AIthletics.app */;
			productType = "com.apple.product-type.application";
		};
		1C1476E12F817B6900DCF85D /* Hybrid AIthleticsTests */ = {
			isa = PBXNativeTarget;
			buildConfigurationList = 1C1476FA2F817B6900DCF85D /* Build configuration list for PBXNativeTarget "Hybrid AIthleticsTests" */;
			buildPhases = (
				1C1476DE2F817B6900DCF85D /* Sources */,
				1C1476DF2F817B6900DCF85D /* Frameworks */,
				1C1476E02F817B6900DCF85D /* Resources */,
			);
			buildRules = (
			);
			dependencies = (
				1C1476E42F817B6900DCF85D /* PBXTargetDependency */,
			);
			fileSystemSynchronizedGroups = (
				1C1476E52F817B6900DCF85D /* Hybrid AIthleticsTests */,
			);
			name = "Hybrid AIthleticsTests";
			packageProductDependencies = (
				AA0001032FA6B00000000001 /* AICoachCore */,
			);
			productName = "Hybrid AIthleticsTests";
			productReference = 1C1476E22F817B6900DCF85D /* Hybrid AIthleticsTests.xctest */;
			productType = "com.apple.product-type.bundle.unit-test";
		};
		1C1476EB2F817B6900DCF85D /* Hybrid AIthleticsUITests */ = {
			isa = PBXNativeTarget;
			buildConfigurationList = 1C1476FD2F817B6900DCF85D /* Build configuration list for PBXNativeTarget "Hybrid AIthleticsUITests" */;
			buildPhases = (
				1C1476E82F817B6900DCF85D /* Sources */,
				1C1476E92F817B6900DCF85D /* Frameworks */,
				1C1476EA2F817B6900DCF85D /* Resources */,
			);
			buildRules = (
			);
			dependencies = (
				1C1476EE2F817B6900DCF85D /* PBXTargetDependency */,
			);
			fileSystemSynchronizedGroups = (
				1C1476EF2F817B6900DCF85D /* Hybrid AIthleticsUITests */,
			);
			name = "Hybrid AIthleticsUITests";
			packageProductDependencies = (
			);
			productName = "Hybrid AIthleticsUITests";
			productReference = 1C1476EC2F817B6900DCF85D /* Hybrid AIthleticsUITests.xctest */;
			productType = "com.apple.product-type.bundle.ui-testing";
		};
/* End PBXNativeTarget section */

/* Begin PBXProject section */
		1C1476C92F817B6800DCF85D /* Project object */ = {
			isa = PBXProject;
			attributes = {
				BuildIndependentTargetsInParallel = 1;
				LastSwiftUpdateCheck = 2640;
				LastUpgradeCheck = 2640;
				TargetAttributes = {
					1C1476D02F817B6800DCF85D = {
						CreatedOnToolsVersion = 26.4;
					};
					1C1476E12F817B6900DCF85D = {
						CreatedOnToolsVersion = 26.4;
						TestTargetID = 1C1476D02F817B6800DCF85D;
					};
					1C1476EB2F817B6900DCF85D = {
						CreatedOnToolsVersion = 26.4;
						TestTargetID = 1C1476D02F817B6800DCF85D;
					};
				};
			};
			buildConfigurationList = 1C1476CC2F817B6800DCF85D /* Build configuration list for PBXProject "Hybrid AIthletics" */;
			developmentRegion = en;
			hasScannedForEncodings = 0;
			knownRegions = (
				en,
				Base,
			);
			mainGroup = 1C1476C82F817B6800DCF85D;
			minimizedProjectReferenceProxies = 1;
			packageReferences = (
				1CD325402F849D6D00F2A1B5 /* XCRemoteSwiftPackageReference "mlx-swift-lm" */,
				AA0001042FA6B00000000001 /* XCLocalSwiftPackageReference "Packages/AICoachCore" */,
			);
			preferredProjectObjectVersion = 77;
			productRefGroup = 1C1476D22F817B6800DCF85D /* Products */;
			projectDirPath = "";
			projectRoot = "";
			targets = (
				1C1476D02F817B6800DCF85D /* Hybrid AIthletics */,
				1C1476E12F817B6900DCF85D /* Hybrid AIthleticsTests */,
				1C1476EB2F817B6900DCF85D /* Hybrid AIthleticsUITests */,
			);
		};
/* End PBXProject section */

/* Begin PBXResourcesBuildPhase section */
		1C1476CF2F817B6800DCF85D /* Resources */ = {
			isa = PBXResourcesBuildPhase;
			buildActionMask = 2147483647;
			files = (
				1C8169042F83FE0700E33EF9 /* CLAUDE.md in Resources */,
			);
			runOnlyForDeploymentPostprocessing = 0;
		};
		1C1476E02F817B6900DCF85D /* Resources */ = {
			isa = PBXResourcesBuildPhase;
			buildActionMask = 2147483647;
			files = (
			);
			runOnlyForDeploymentPostprocessing = 0;
		};
		1C1476EA2F817B6900DCF85D /* Resources */ = {
			isa = PBXResourcesBuildPhase;
			buildActionMask = 2147483647;
			files = (
			);
			runOnlyForDeploymentPostprocessing = 0;
		};
/* End PBXResourcesBuildPhase section */

/* Begin PBXSourcesBuildPhase section */
		1C1476CD2F817B6800DCF85D /* Sources */ = {
			isa = PBXSourcesBuildPhase;
			buildActionMask = 2147483647;
			files = (
			);
			runOnlyForDeploymentPostprocessing = 0;
		};
		1C1476DE2F817B6900DCF85D /* Sources */ = {
			isa = PBXSourcesBuildPhase;
			buildActionMask = 2147483647;
			files = (
			);
			runOnlyForDeploymentPostprocessing = 0;
		};
		1C1476E82F817B6900DCF85D /* Sources */ = {
			isa = PBXSourcesBuildPhase;
			buildActionMask = 2147483647;
			files = (
			);
			runOnlyForDeploymentPostprocessing = 0;
		};
/* End PBXSourcesBuildPhase section */

/* Begin PBXTargetDependency section */
		1C1476E42F817B6900DCF85D /* PBXTargetDependency */ = {
			isa = PBXTargetDependency;
			target = 1C1476D02F817B6800DCF85D /* Hybrid AIthletics */;
			targetProxy = 1C1476E32F817B6900DCF85D /* PBXContainerItemProxy */;
		};
		1C1476EE2F817B6900DCF85D /* PBXTargetDependency */ = {
			isa = PBXTargetDependency;
			target = 1C1476D02F817B6800DCF85D /* Hybrid AIthletics */;
			targetProxy = 1C1476ED2F817B6900DCF85D /* PBXContainerItemProxy */;
		};
/* End PBXTargetDependency section */

/* Begin XCBuildConfiguration section */
		1C1476F62F817B6900DCF85D /* Debug */ = {
			isa = XCBuildConfiguration;
			buildSettings = {
				ASSETCATALOG_COMPILER_APPICON_NAME = AppIcon;
				ASSETCATALOG_COMPILER_GLOBAL_ACCENT_COLOR_NAME = AccentColor;
				CODE_SIGN_ENTITLEMENTS = "Hybrid AIthletics/Hybrid_AIthletics.entitlements";
				CODE_SIGN_STYLE = Automatic;
				CURRENT_PROJECT_VERSION = 1;
				DEVELOPMENT_TEAM = CB9HS9S84R;
				ENABLE_PREVIEWS = YES;
				GENERATE_INFOPLIST_FILE = YES;
				INFOPLIST_FILE = "Hybrid AIthletics/Info.plist";
				INFOPLIST_KEY_UIApplicationSceneManifest_Generation = YES;
				INFOPLIST_KEY_UIApplicationSupportsIndirectInputEvents = YES;
				INFOPLIST_KEY_UILaunchScreen_Generation = YES;
				INFOPLIST_KEY_UISupportedInterfaceOrientations_iPad = "UIInterfaceOrientationPortrait UIInterfaceOrientationPortraitUpsideDown UIInterfaceOrientationLandscapeLeft UIInterfaceOrientationLandscapeRight";
				INFOPLIST_KEY_UISupportedInterfaceOrientations_iPhone = "UIInterfaceOrientationPortrait UIInterfaceOrientationLandscapeLeft UIInterfaceOrientationLandscapeRight";
				LD_RUNPATH_SEARCH_PATHS = (
					"$(inherited)",
					"@executable_path/Frameworks",
				);
				MARKETING_VERSION = 1.0;
				PRODUCT_BUNDLE_IDENTIFIER = "bradlet.Hybrid-AIthletics";
				PRODUCT_NAME = "$(TARGET_NAME)";
				STRING_CATALOG_GENERATE_SYMBOLS = YES;
				SWIFT_APPROACHABLE_CONCURRENCY = YES;
				SWIFT_DEFAULT_ACTOR_ISOLATION = MainActor;
				SWIFT_EMIT_LOC_STRINGS = YES;
				SWIFT_UPCOMING_FEATURE_MEMBER_IMPORT_VISIBILITY = YES;
				SWIFT_VERSION = 5.0;
				TARGETED_DEVICE_FAMILY = "1,2";
			};
			name = Debug;
		};
		1C1476F72F817B6900DCF85D /* Release */ = {
			isa = XCBuildConfiguration;
			buildSettings = {
				ASSETCATALOG_COMPILER_APPICON_NAME = AppIcon;
				ASSETCATALOG_COMPILER_GLOBAL_ACCENT_COLOR_NAME = AccentColor;
				CODE_SIGN_ENTITLEMENTS = "Hybrid AIthletics/Hybrid_AIthletics.entitlements";
				CODE_SIGN_STYLE = Automatic;
				CURRENT_PROJECT_VERSION = 1;
				DEVELOPMENT_TEAM = CB9HS9S84R;
				ENABLE_PREVIEWS = YES;
				GENERATE_INFOPLIST_FILE = YES;
				INFOPLIST_FILE = "Hybrid AIthletics/Info.plist";
				INFOPLIST_KEY_UIApplicationSceneManifest_Generation = YES;
				INFOPLIST_KEY_UIApplicationSupportsIndirectInputEvents = YES;
				INFOPLIST_KEY_UILaunchScreen_Generation = YES;
				INFOPLIST_KEY_UISupportedInterfaceOrientations_iPad = "UIInterfaceOrientationPortrait UIInterfaceOrientationPortraitUpsideDown UIInterfaceOrientationLandscapeLeft UIInterfaceOrientationLandscapeRight";
				INFOPLIST_KEY_UISupportedInterfaceOrientations_iPhone = "UIInterfaceOrientationPortrait UIInterfaceOrientationLandscapeLeft UIInterfaceOrientationLandscapeRight";
				LD_RUNPATH_SEARCH_PATHS = (
					"$(inherited)",
					"@executable_path/Frameworks",
				);
				MARKETING_VERSION = 1.0;
				PRODUCT_BUNDLE_IDENTIFIER = "bradlet.Hybrid-AIthletics";
				PRODUCT_NAME = "$(TARGET_NAME)";
				STRING_CATALOG_GENERATE_SYMBOLS = YES;
				SWIFT_APPROACHABLE_CONCURRENCY = YES;
				SWIFT_DEFAULT_ACTOR_ISOLATION = MainActor;
				SWIFT_EMIT_LOC_STRINGS = YES;
				SWIFT_UPCOMING_FEATURE_MEMBER_IMPORT_VISIBILITY = YES;
				SWIFT_VERSION = 5.0;
				TARGETED_DEVICE_FAMILY = "1,2";
			};
			name = Release;
		};
		1C1476F82F817B6900DCF85D /* Debug */ = {
			isa = XCBuildConfiguration;
			buildSettings = {
				ALWAYS_SEARCH_USER_PATHS = NO;
				ASSETCATALOG_COMPILER_GENERATE_SWIFT_ASSET_SYMBOL_EXTENSIONS = YES;
				CLANG_ANALYZER_NONNULL = YES;
				CLANG_ANALYZER_NUMBER_OBJECT_CONVERSION = YES_AGGRESSIVE;
				CLANG_CXX_LANGUAGE_STANDARD = "gnu++20";
				CLANG_ENABLE_MODULES = YES;
				CLANG_ENABLE_OBJC_ARC = YES;
				CLANG_ENABLE_OBJC_WEAK = YES;
				CLANG_WARN_BLOCK_CAPTURE_AUTORELEASING = YES;
				CLANG_WARN_BOOL_CONVERSION = YES;
				CLANG_WARN_COMMA = YES;
				CLANG_WARN_CONSTANT_CONVERSION = YES;
				CLANG_WARN_DEPRECATED_OBJC_IMPLEMENTATIONS = YES;
				CLANG_WARN_DIRECT_OBJC_ISA_USAGE = YES_ERROR;
				CLANG_WARN_DOCUMENTATION_COMMENTS = YES;
				CLANG_WARN_EMPTY_BODY = YES;
				CLANG_WARN_ENUM_CONVERSION = YES;
				CLANG_WARN_INFINITE_RECURSION = YES;
				CLANG_WARN_INT_CONVERSION = YES;
				CLANG_WARN_NON_LITERAL_NULL_CONVERSION = YES;
				CLANG_WARN_OBJC_IMPLICIT_RETAIN_SELF = YES;
				CLANG_WARN_OBJC_LITERAL_CONVERSION = YES;
				CLANG_WARN_OBJC_ROOT_CLASS = YES_ERROR;
				CLANG_WARN_QUOTED_INCLUDE_IN_FRAMEWORK_HEADER = YES;
				CLANG_WARN_RANGE_LOOP_ANALYSIS = YES;
				CLANG_WARN_STRICT_PROTOTYPES = YES;
				CLANG_WARN_SUSPICIOUS_MOVE = YES;
				CLANG_WARN_UNGUARDED_AVAILABILITY = YES_AGGRESSIVE;
				CLANG_WARN_UNREACHABLE_CODE = YES;
				CLANG_WARN__DUPLICATE_METHOD_MATCH = YES;
				COPY_PHASE_STRIP = NO;
				DEBUG_INFORMATION_FORMAT = dwarf;
				ENABLE_STRICT_OBJC_MSGSEND = YES;
				ENABLE_TESTABILITY = YES;
				ENABLE_USER_SCRIPT_SANDBOXING = YES;
				GCC_C_LANGUAGE_STANDARD = gnu17;
				GCC_DYNAMIC_NO_PIC = NO;
				GCC_NO_COMMON_BLOCKS = YES;
				GCC_OPTIMIZATION_LEVEL = 0;
				GCC_PREPROCESSOR_DEFINITIONS = (
					"DEBUG=1",
					"$(inherited)",
				);
				GCC_WARN_64_TO_32_BIT_CONVERSION = YES;
				GCC_WARN_ABOUT_RETURN_TYPE = YES_ERROR;
				GCC_WARN_UNDECLARED_SELECTOR = YES;
				GCC_WARN_UNINITIALIZED_AUTOS = YES_AGGRESSIVE;
				GCC_WARN_UNUSED_FUNCTION = YES;
				GCC_WARN_UNUSED_VARIABLE = YES;
				IPHONEOS_DEPLOYMENT_TARGET = 17.0;
				LOCALIZATION_PREFERS_STRING_CATALOGS = YES;
				MTL_ENABLE_DEBUG_INFO = INCLUDE_SOURCE;
				MTL_FAST_MATH = YES;
				ONLY_ACTIVE_ARCH = YES;
				SDKROOT = iphoneos;
				SWIFT_ACTIVE_COMPILATION_CONDITIONS = "DEBUG $(inherited)";
				SWIFT_OPTIMIZATION_LEVEL = "-Onone";
			};
			name = Debug;
		};
		1C1476F92F817B6900DCF85D /* Release */ = {
			isa = XCBuildConfiguration;
			buildSettings = {
				ALWAYS_SEARCH_USER_PATHS = NO;
				ASSETCATALOG_COMPILER_GENERATE_SWIFT_ASSET_SYMBOL_EXTENSIONS = YES;
				CLANG_ANALYZER_NONNULL = YES;
				CLANG_ANALYZER_NUMBER_OBJECT_CONVERSION = YES_AGGRESSIVE;
				CLANG_CXX_LANGUAGE_STANDARD = "gnu++20";
				CLANG_ENABLE_MODULES = YES;
				CLANG_ENABLE_OBJC_ARC = YES;
				CLANG_ENABLE_OBJC_WEAK = YES;
				CLANG_WARN_BLOCK_CAPTURE_AUTORELEASING = YES;
				CLANG_WARN_BOOL_CONVERSION = YES;
				CLANG_WARN_COMMA = YES;
				CLANG_WARN_CONSTANT_CONVERSION = YES;
				CLANG_WARN_DEPRECATED_OBJC_IMPLEMENTATIONS = YES;
				CLANG_WARN_DIRECT_OBJC_ISA_USAGE = YES_ERROR;
				CLANG_WARN_DOCUMENTATION_COMMENTS = YES;
				CLANG_WARN_EMPTY_BODY = YES;
				CLANG_WARN_ENUM_CONVERSION = YES;
				CLANG_WARN_INFINITE_RECURSION = YES;
				CLANG_WARN_INT_CONVERSION = YES;
				CLANG_WARN_NON_LITERAL_NULL_CONVERSION = YES;
				CLANG_WARN_OBJC_IMPLICIT_RETAIN_SELF = YES;
				CLANG_WARN_OBJC_LITERAL_CONVERSION = YES;
				CLANG_WARN_OBJC_ROOT_CLASS = YES_ERROR;
				CLANG_WARN_QUOTED_INCLUDE_IN_FRAMEWORK_HEADER = YES;
				CLANG_WARN_RANGE_LOOP_ANALYSIS = YES;
				CLANG_WARN_STRICT_PROTOTYPES = YES;
				CLANG_WARN_SUSPICIOUS_MOVE = YES;
				CLANG_WARN_UNGUARDED_AVAILABILITY = YES_AGGRESSIVE;
				CLANG_WARN_UNREACHABLE_CODE = YES;
				CLANG_WARN__DUPLICATE_METHOD_MATCH = YES;
				COPY_PHASE_STRIP = NO;
				DEBUG_INFORMATION_FORMAT = "dwarf-with-dsym";
				ENABLE_NS_ASSERTIONS = NO;
				ENABLE_STRICT_OBJC_MSGSEND = YES;
				ENABLE_USER_SCRIPT_SANDBOXING = YES;
				GCC_C_LANGUAGE_STANDARD = gnu17;
				GCC_NO_COMMON_BLOCKS = YES;
				GCC_WARN_64_TO_32_BIT_CONVERSION = YES;
				GCC_WARN_ABOUT_RETURN_TYPE = YES_ERROR;
				GCC_WARN_UNDECLARED_SELECTOR = YES;
				GCC_WARN_UNINITIALIZED_AUTOS = YES_AGGRESSIVE;
				GCC_WARN_UNUSED_FUNCTION = YES;
				GCC_WARN_UNUSED_VARIABLE = YES;
				IPHONEOS_DEPLOYMENT_TARGET = 17.0;
				LOCALIZATION_PREFERS_STRING_CATALOGS = YES;
				MTL_ENABLE_DEBUG_INFO = NO;
				MTL_FAST_MATH = YES;
				SDKROOT = iphoneos;
				SWIFT_COMPILATION_MODE = wholemodule;
				VALIDATE_PRODUCT = YES;
			};
			name = Release;
		};
		1C1476FB2F817B6900DCF85D /* Debug */ = {
			isa = XCBuildConfiguration;
			buildSettings = {
				BUNDLE_LOADER = "$(TEST_HOST)";
				CODE_SIGN_STYLE = Automatic;
				CURRENT_PROJECT_VERSION = 1;
				GENERATE_INFOPLIST_FILE = YES;
				IPHONEOS_DEPLOYMENT_TARGET = 17.0;
				MARKETING_VERSION = 1.0;
				PRODUCT_BUNDLE_IDENTIFIER = "bradlet.Hybrid-AIthleticsTests";
				PRODUCT_NAME = "$(TARGET_NAME)";
				STRING_CATALOG_GENERATE_SYMBOLS = NO;
				SWIFT_APPROACHABLE_CONCURRENCY = YES;
				SWIFT_EMIT_LOC_STRINGS = NO;
				SWIFT_UPCOMING_FEATURE_MEMBER_IMPORT_VISIBILITY = YES;
				SWIFT_VERSION = 5.0;
				TARGETED_DEVICE_FAMILY = "1,2";
				TEST_HOST = "$(BUILT_PRODUCTS_DIR)/Hybrid AIthletics.app/$(BUNDLE_EXECUTABLE_FOLDER_PATH)/Hybrid AIthletics";
			};
			name = Debug;
		};
		1C1476FC2F817B6900DCF85D /* Release */ = {
			isa = XCBuildConfiguration;
			buildSettings = {
				BUNDLE_LOADER = "$(TEST_HOST)";
				CODE_SIGN_STYLE = Automatic;
				CURRENT_PROJECT_VERSION = 1;
				GENERATE_INFOPLIST_FILE = YES;
				IPHONEOS_DEPLOYMENT_TARGET = 17.0;
				MARKETING_VERSION = 1.0;
				PRODUCT_BUNDLE_IDENTIFIER = "bradlet.Hybrid-AIthleticsTests";
				PRODUCT_NAME = "$(TARGET_NAME)";
				STRING_CATALOG_GENERATE_SYMBOLS = NO;
				SWIFT_APPROACHABLE_CONCURRENCY = YES;
				SWIFT_EMIT_LOC_STRINGS = NO;
				SWIFT_UPCOMING_FEATURE_MEMBER_IMPORT_VISIBILITY = YES;
				SWIFT_VERSION = 5.0;
				TARGETED_DEVICE_FAMILY = "1,2";
				TEST_HOST = "$(BUILT_PRODUCTS_DIR)/Hybrid AIthletics.app/$(BUNDLE_EXECUTABLE_FOLDER_PATH)/Hybrid AIthletics";
			};
			name = Release;
		};
		1C1476FE2F817B6900DCF85D /* Debug */ = {
			isa = XCBuildConfiguration;
			buildSettings = {
				CODE_SIGN_STYLE = Automatic;
				CURRENT_PROJECT_VERSION = 1;
				GENERATE_INFOPLIST_FILE = YES;
				MARKETING_VERSION = 1.0;
				PRODUCT_BUNDLE_IDENTIFIER = "bradlet.Hybrid-AIthleticsUITests";
				PRODUCT_NAME = "$(TARGET_NAME)";
				STRING_CATALOG_GENERATE_SYMBOLS = NO;
				SWIFT_APPROACHABLE_CONCURRENCY = YES;
				SWIFT_EMIT_LOC_STRINGS = NO;
				SWIFT_UPCOMING_FEATURE_MEMBER_IMPORT_VISIBILITY = YES;
				SWIFT_VERSION = 5.0;
				TARGETED_DEVICE_FAMILY = "1,2";
				TEST_TARGET_NAME = "Hybrid AIthletics";
			};
			name = Debug;
		};
		1C1476FF2F817B6900DCF85D /* Release */ = {
			isa = XCBuildConfiguration;
			buildSettings = {
				CODE_SIGN_STYLE = Automatic;
				CURRENT_PROJECT_VERSION = 1;
				GENERATE_INFOPLIST_FILE = YES;
				MARKETING_VERSION = 1.0;
				PRODUCT_BUNDLE_IDENTIFIER = "bradlet.Hybrid-AIthleticsUITests";
				PRODUCT_NAME = "$(TARGET_NAME)";
				STRING_CATALOG_GENERATE_SYMBOLS = NO;
				SWIFT_APPROACHABLE_CONCURRENCY = YES;
				SWIFT_EMIT_LOC_STRINGS = NO;
				SWIFT_UPCOMING_FEATURE_MEMBER_IMPORT_VISIBILITY = YES;
				SWIFT_VERSION = 5.0;
				TARGETED_DEVICE_FAMILY = "1,2";
				TEST_TARGET_NAME = "Hybrid AIthletics";
			};
			name = Release;
		};
/* End XCBuildConfiguration section */

/* Begin XCConfigurationList section */
		1C1476CC2F817B6800DCF85D /* Build configuration list for PBXProject "Hybrid AIthletics" */ = {
			isa = XCConfigurationList;
			buildConfigurations = (
				1C1476F82F817B6900DCF85D /* Debug */,
				1C1476F92F817B6900DCF85D /* Release */,
			);
			defaultConfigurationIsVisible = 0;
			defaultConfigurationName = Release;
		};
		1C1476F52F817B6900DCF85D /* Build configuration list for PBXNativeTarget "Hybrid AIthletics" */ = {
			isa = XCConfigurationList;
			buildConfigurations = (
				1C1476F62F817B6900DCF85D /* Debug */,
				1C1476F72F817B6900DCF85D /* Release */,
			);
			defaultConfigurationIsVisible = 0;
			defaultConfigurationName = Release;
		};
		1C1476FA2F817B6900DCF85D /* Build configuration list for PBXNativeTarget "Hybrid AIthleticsTests" */ = {
			isa = XCConfigurationList;
			buildConfigurations = (
				1C1476FB2F817B6900DCF85D /* Debug */,
				1C1476FC2F817B6900DCF85D /* Release */,
			);
			defaultConfigurationIsVisible = 0;
			defaultConfigurationName = Release;
		};
		1C1476FD2F817B6900DCF85D /* Build configuration list for PBXNativeTarget "Hybrid AIthleticsUITests" */ = {
			isa = XCConfigurationList;
			buildConfigurations = (
				1C1476FE2F817B6900DCF85D /* Debug */,
				1C1476FF2F817B6900DCF85D /* Release */,
			);
			defaultConfigurationIsVisible = 0;
			defaultConfigurationName = Release;
		};
/* End XCConfigurationList section */

/* Begin XCLocalSwiftPackageReference section */
		AA0001042FA6B00000000001 /* XCLocalSwiftPackageReference "Packages/AICoachCore" */ = {
			isa = XCLocalSwiftPackageReference;
			relativePath = Packages/AICoachCore;
		};
/* End XCLocalSwiftPackageReference section */

/* Begin XCRemoteSwiftPackageReference section */
		1CD325402F849D6D00F2A1B5 /* XCRemoteSwiftPackageReference "mlx-swift-lm" */ = {
			isa = XCRemoteSwiftPackageReference;
			repositoryURL = "https://github.com/ml-explore/mlx-swift-lm";
			requirement = {
				kind = upToNextMajorVersion;
				minimumVersion = 2.31.3;
			};
		};
/* End XCRemoteSwiftPackageReference section */

/* Begin XCSwiftPackageProductDependency section */
		1CD325412F849D6D00F2A1B5 /* MLXLLM */ = {
			isa = XCSwiftPackageProductDependency;
			package = 1CD325402F849D6D00F2A1B5 /* XCRemoteSwiftPackageReference "mlx-swift-lm" */;
			productName = MLXLLM;
		};
		1CD325432F849D6D00F2A1B5 /* MLXLMCommon */ = {
			isa = XCSwiftPackageProductDependency;
			package = 1CD325402F849D6D00F2A1B5 /* XCRemoteSwiftPackageReference "mlx-swift-lm" */;
			productName = MLXLMCommon;
		};
		AA0001022FA6B00000000001 /* AICoachCore */ = {
			isa = XCSwiftPackageProductDependency;
			productName = AICoachCore;
		};
		AA0001032FA6B00000000001 /* AICoachCore */ = {
			isa = XCSwiftPackageProductDependency;
			productName = AICoachCore;
		};
/* End XCSwiftPackageProductDependency section */
	};
	rootObject = 1C1476C92F817B6800DCF85D /* Project object */;
}
